
Microsoft Visual Studio Solution File, Format Version 12.00
# Visual Studio Version 17
VisualStudioVersion = 17.4.33213.308
MinimumVisualStudioVersion = 10.0.40219.1
Project("{9A19103F-16F7-4668-BE54-9A1E7A4F7556}") = "AuthenticationProvider", "AuthenticationProvider\AuthenticationProvider.csproj", "{A8111846-952C-4C23-9F88-0A497CCC6DDE}"
EndProject
Project("{FAE04EC0-301F-11D3-BF4B-00C04F79EFBC}") = "AuthenticationProviderTests", "AuthenticationProviderTests\AuthenticationProviderTests.csproj", "{1998BBDE-82DE-4E5E-B97C-68AFEAFBFF85}"
EndProject
Global
	GlobalSection(SolutionConfigurationPlatforms) = preSolution
		Debug|Any CPU = Debug|Any CPU
		Release|Any CPU = Release|Any CPU
	EndGlobalSection
	GlobalSection(ProjectConfigurationPlatforms) = postSolution
		{A8111846-952C-4C23-9F88-0A497CCC6DDE}.Debug|Any CPU.ActiveCfg = Debug|Any CPU
		{A8111846-952C-4C23-9F88-0A497CCC6DDE}.Debug|Any CPU.Build.0 = Debug|Any CPU
		{A8111846-952C-4C23-9F88-0A497CCC6DDE}.Release|Any CPU.ActiveCfg = Release|Any CPU
		{A8111846-952C-4C23-9F88-0A497CCC6DDE}.Release|Any CPU.Build.0 = Release|Any CPU
		{1998BBDE-82DE-4E5E-B97C-68AFEAFBFF85}.Debug|Any CPU.ActiveCfg = Debug|Any CPU
		{1998BBDE-82DE-4E5E-B97C-68AFEAFBFF85}.Debug|Any CPU.Build.0 = Debug|Any CPU
		{1998BBDE-82DE-4E5E-B97C-68AFEAFBFF85}.Release|Any CPU.ActiveCfg = Release|Any CPU
		{1998BBDE-82DE-4E5E-B97C-68AFEAFBFF85}.Release|Any CPU.Build.0 = Release|Any CPU
	EndGlobalSection
	GlobalSection(SolutionProperties) = preSolution
		HideSolutionNode = FALSE
	EndGlobalSection
	GlobalSection(ExtensibilityGlobals) = postSolution
		SolutionGuid = {F93B12DB-5B8A-4535-93DD-73E89753052D}
	EndGlobalSection
EndGlobal
